
Microsoft Visual Studio Solution File, Format Version 12.00
# Visual Studio Version 17
VisualStudioVersion = 17.6.33723.286
MinimumVisualStudioVersion = 10.0.40219.1
Project("{FAE04EC0-301F-11D3-BF4B-00C04F79EFBC}") = "MvcOnlineTicariOtomasyon", "MvcOnlineTicariOtomasyon\MvcOnlineTicariOtomasyon.csproj", "{9FD6DDA0-D680-485F-A349-4CB109DB3D78}"
EndProject
Global
	GlobalSection(SolutionConfigurationPlatforms) = preSolution
		Debug|Any CPU = Debug|Any CPU
		Release|Any CPU = Release|Any CPU
	EndGlobalSection
	GlobalSection(ProjectConfigurationPlatforms) = postSolution
		{9FD6DDA0-D680-485F-A349-4CB109DB3D78}.Debug|Any CPU.ActiveCfg = Debug|Any CPU
		{9FD6DDA0-D680-485F-A349-4CB109DB3D78}.Debug|Any CPU.Build.0 = Debug|Any CPU
		{9FD6DDA0-D680-485F-A349-4CB109DB3D78}.Release|Any CPU.ActiveCfg = Release|Any CPU
		{9FD6DDA0-D680-485F-A349-4CB109DB3D78}.Release|Any CPU.Build.0 = Release|Any CPU
	EndGlobalSection
	GlobalSection(SolutionProperties) = preSolution
		HideSolutionNode = FALSE
	EndGlobalSection
	GlobalSection(ExtensibilityGlobals) = postSolution
		SolutionGuid = {07C92313-C11F-41CC-8AD9-09672D595F48}
	EndGlobalSection
EndGlobal
